# THIS IS AN AUTOGENERATED FILE. DO NOT EDIT THIS FILE DIRECTLY.
# yarn lockfile v1


"@judeatmerit/testing-whateva@^1.0.1":
  version "1.0.1"
  resolved "https://npm.pkg.github.com/download/@judeatmerit/testing-whateva/1.0.1/a28f30dbd202c3c0b0b3bd4dd08701a84bda36b0fb010fa1dab326336fdb1279#1b6e524df269ae8138c87604ece924e7306d3eda"
  integrity sha512-kkVH0rRywYPjBuPHLL6ujtlRqMZcUgtCn5TayGgamBC4lU+zJIz8biiFwroiawryelxRFGIk/7LSeEv8HenftA==
